Microsoft Visual Studio Solution File, Format Version 12.00
# Visual Studio 2012
Project("{FAE04EC0-301F-11D3-BF4B-00C04F79EFBC}") = "ProjectChronos", "ProjectChronos.csproj", "{634B6BB8-72CC-4465-8EA7-6E1FB6DF5BFF}"
EndProject
Global
	GlobalSection(SolutionConfigurationPlatforms) = preSolution
	Debug|Any CPU = Debug|Any CPU
	ExportDebug|Any CPU = ExportDebug|Any CPU
	ExportRelease|Any CPU = ExportRelease|Any CPU
	EndGlobalSection
	GlobalSection(ProjectConfigurationPlatforms) = postSolution
		{634B6BB8-72CC-4465-8EA7-6E1FB6DF5BFF}.Debug|Any CPU.ActiveCfg = Debug|Any CPU
		{634B6BB8-72CC-4465-8EA7-6E1FB6DF5BFF}.Debug|Any CPU.Build.0 = Debug|Any CPU
		{634B6BB8-72CC-4465-8EA7-6E1FB6DF5BFF}.ExportDebug|Any CPU.ActiveCfg = ExportDebug|Any CPU
		{634B6BB8-72CC-4465-8EA7-6E1FB6DF5BFF}.ExportDebug|Any CPU.Build.0 = ExportDebug|Any CPU
		{634B6BB8-72CC-4465-8EA7-6E1FB6DF5BFF}.ExportRelease|Any CPU.ActiveCfg = ExportRelease|Any CPU
		{634B6BB8-72CC-4465-8EA7-6E1FB6DF5BFF}.ExportRelease|Any CPU.Build.0 = ExportRelease|Any CPU
	EndGlobalSection
EndGlobal
